
Microsoft Visual Studio Solution File, Format Version 12.00
# Visual Studio Version 17
VisualStudioVersion = 17.11.35431.28
MinimumVisualStudioVersion = 10.0.40219.1
Project("{FAE04EC0-301F-11D3-BF4B-00C04F79EFBC}") = "ZZZConfigManager", "ZZZConfigManager.csproj", "{2D91E7D6-5911-420A-A68D-C3672E89089C}"
EndProject
Global
	GlobalSection(SolutionConfigurationPlatforms) = preSolution
		Debug|Any CPU = Debug|Any CPU
		Release|Any CPU = Release|Any CPU
	EndGlobalSection
	GlobalSection(ProjectConfigurationPlatforms) = postSolution
		{2D91E7D6-5911-420A-A68D-C3672E89089C}.Debug|Any CPU.ActiveCfg = Debug|Any CPU
		{2D91E7D6-5911-420A-A68D-C3672E89089C}.Debug|Any CPU.Build.0 = Debug|Any CPU
		{2D91E7D6-5911-420A-A68D-C3672E89089C}.Release|Any CPU.ActiveCfg = Release|Any CPU
		{2D91E7D6-5911-420A-A68D-C3672E89089C}.Release|Any CPU.Build.0 = Release|Any CPU
	EndGlobalSection
	GlobalSection(SolutionProperties) = preSolution
		HideSolutionNode = FALSE
	EndGlobalSection
	GlobalSection(ExtensibilityGlobals) = postSolution
		SolutionGuid = {CFF1905E-30B7-4682-A7F7-495B0C22469C}
	EndGlobalSection
EndGlobal
